
Microsoft Visual Studio Solution File, Format Version 12.00
# Visual Studio 15
Project("{FAE04EC0-301F-11D3-BF4B-00C04F79EFBC}") = "ConsoleApp", "ConsoleApp\ConsoleApp.csproj", "{66107ADF-E6F1-4B92-8510-95CCE7F28105}"
EndProject
Project("{FAE04EC0-301F-11D3-BF4B-00C04F79EFBC}") = "MarsRoverTests", "MarsRoverTests\MarsRoverTests.csproj", "{9112F5EC-9727-43EB-955B-CDCF2ED0DF4E}"
EndProject
Global
	GlobalSection(SolutionConfigurationPlatforms) = preSolution
		Debug|Any CPU = Debug|Any CPU
		Release|Any CPU = Release|Any CPU
	EndGlobalSection
	GlobalSection(ProjectConfigurationPlatforms) = postSolution
		{66107ADF-E6F1-4B92-8510-95CCE7F28105}.Debug|Any CPU.ActiveCfg = Debug|Any CPU
		{66107ADF-E6F1-4B92-8510-95CCE7F28105}.Debug|Any CPU.Build.0 = Debug|Any CPU
		{66107ADF-E6F1-4B92-8510-95CCE7F28105}.Release|Any CPU.ActiveCfg = Release|Any CPU
		{66107ADF-E6F1-4B92-8510-95CCE7F28105}.Release|Any CPU.Build.0 = Release|Any CPU
		{9112F5EC-9727-43EB-955B-CDCF2ED0DF4E}.Debug|Any CPU.ActiveCfg = Debug|Any CPU
		{9112F5EC-9727-43EB-955B-CDCF2ED0DF4E}.Debug|Any CPU.Build.0 = Debug|Any CPU
		{9112F5EC-9727-43EB-955B-CDCF2ED0DF4E}.Release|Any CPU.ActiveCfg = Release|Any CPU
		{9112F5EC-9727-43EB-955B-CDCF2ED0DF4E}.Release|Any CPU.Build.0 = Release|Any CPU
	EndGlobalSection
EndGlobal
